// !$*UTF8*$!
{
	archiveVersion = 1;
	classes = {
	};
	objectVersion = 50;
	objects = {

/* Begin PBXBuildFile section */
		4700DD9A216D42BA00C7E022 /* AppDelegate.swift in Sources */ = {isa = PBXBuildFile; fileRef = 4700DD99216D42BA00C7E022 /* AppDelegate.swift */; };
		4700DDA1216D42BC00C7E022 /* Assets.xcassets in Resources */ = {isa = PBXBuildFile; fileRef = 4700DDA0216D42BC00C7E022 /* Assets.xcassets */; };
		4700DDA4216D42BC00C7E022 /* LaunchScreen.storyboard in Resources */ = {isa = PBXBuildFile; fileRef = 4700DDA2216D42BC00C7E022 /* LaunchScreen.storyboard */; };
		4700DDB2216D437500C7E022 /* HomeViewController.swift in Sources */ = {isa = PBXBuildFile; fileRef = 4700DDB1216D437500C7E022 /* HomeViewController.swift */; };
		4700DDB4216D438B00C7E022 /* HomeView.swift in Sources */ = {isa = PBXBuildFile; fileRef = 4700DDB3216D438B00C7E022 /* HomeView.swift */; };
		4700DDB7216D46A500C7E022 /* RoamSwiftKit.framework in Frameworks */ = {isa = PBXBuildFile; fileRef = 4700DDB5216D468500C7E022 /* RoamSwiftKit.framework */; };
		4700DDB8216D46A500C7E022 /* RoamSwiftKit.framework in Embed Frameworks */ = {isa = PBXBuildFile; fileRef = 4700DDB5216D468500C7E022 /* RoamSwiftKit.framework */; settings = {ATTRIBUTES = (CodeSignOnCopy, RemoveHeadersOnCopy, ); }; };
		4700DDBC216D488700C7E022 /* WheelyButton.swift in Sources */ = {isa = PBXBuildFile; fileRef = 4700DDBB216D488700C7E022 /* WheelyButton.swift */; };
		4700DDBE216D493F00C7E022 /* FloatingHeaderView.swift in Sources */ = {isa = PBXBuildFile; fileRef = 4700DDBD216D493F00C7E022 /* FloatingHeaderView.swift */; };
		4700DDC1216D49ED00C7E022 /* UIScrollView+Wheely.swift in Sources */ = {isa = PBXBuildFile; fileRef = 4700DDC0216D49ED00C7E022 /* UIScrollView+Wheely.swift */; };
		4700DDC3216D4A4900C7E022 /* String+Wheely.swift in Sources */ = {isa = PBXBuildFile; fileRef = 4700DDC2216D4A4900C7E022 /* String+Wheely.swift */; };
		4700DDC5216D4A9000C7E022 /* Constants.swift in Sources */ = {isa = PBXBuildFile; fileRef = 4700DDC4216D4A9000C7E022 /* Constants.swift */; };
		FC94492A73F6F4946095B404 /* Pods_Wheely_Cool_App.framework in Frameworks */ = {isa = PBXBuildFile; fileRef = EEA4CDF5F7A09E8D8B2EA01C /* Pods_Wheely_Cool_App.framework */; };
/* End PBXBuildFile section */

/* Begin PBXCopyFilesBuildPhase section */
		4700DDB9216D46A500C7E022 /* Embed Frameworks */ = {
			isa = PBXCopyFilesBuildPhase;
			buildActionMask = 2147483647;
			dstPath = "";
			dstSubfolderSpec = 10;
			files = (
				4700DDB8216D46A500C7E022 /* RoamSwiftKit.framework in Embed Frameworks */,
			);
			name = "Embed Frameworks";
			runOnlyForDeploymentPostprocessing = 0;
		};
/* End PBXCopyFilesBuildPhase section */

/* Begin PBXFileReference section */
		14880F7C22B533B6E66519B2 /* Pods-Wheely Cool App.debug.xcconfig */ = {isa = PBXFileReference; includeInIndex = 1; lastKnownFileType = text.xcconfig; name = "Pods-Wheely Cool App.debug.xcconfig"; path = "Pods/Target Support Files/Pods-Wheely Cool App/Pods-Wheely Cool App.debug.xcconfig"; sourceTree = "<group>"; };
		2A5FD7D25EAAEFDCBD953166 /* Pods-Wheely Cool App.release.xcconfig */ = {isa = PBXFileReference; includeInIndex = 1; lastKnownFileType = text.xcconfig; name = "Pods-Wheely Cool App.release.xcconfig"; path = "Pods/Target Support Files/Pods-Wheely Cool App/Pods-Wheely Cool App.release.xcconfig"; sourceTree = "<group>"; };
		4700DD96216D42BA00C7E022 /* Wheely Cool App.app */ = {isa = PBXFileReference; explicitFileType = wrapper.application; includeInIndex = 0; path = "Wheely Cool App.app"; sourceTree = BUILT_PRODUCTS_DIR; };
		4700DD99216D42BA00C7E022 /* AppDelegate.swift */ = {isa = PBXFileReference; lastKnownFileType = sourcecode.swift; path = AppDelegate.swift; sourceTree = "<group>"; };
		4700DDA0216D42BC00C7E022 /* Assets.xcassets */ = {isa = PBXFileReference; lastKnownFileType = folder.assetcatalog; path = Assets.xcassets; sourceTree = "<group>"; };
		4700DDA3216D42BC00C7E022 /* Base */ = {isa = PBXFileReference; lastKnownFileType = file.storyboard; name = Base; path = Base.lproj/LaunchScreen.storyboard; sourceTree = "<group>"; };
		4700DDA5216D42BC00C7E022 /* Info.plist */ = {isa = PBXFileReference; lastKnownFileType = text.plist.xml; path = Info.plist; sourceTree = "<group>"; };
		4700DDB1216D437500C7E022 /* HomeViewController.swift */ = {isa = PBXFileReference; lastKnownFileType = sourcecode.swift; path = HomeViewController.swift; sourceTree = "<group>"; };
		4700DDB3216D438B00C7E022 /* HomeView.swift */ = {isa = PBXFileReference; lastKnownFileType = sourcecode.swift; path = HomeView.swift; sourceTree = "<group>"; };
		4700DDB5216D468500C7E022 /* RoamSwiftKit.framework */ = {isa = PBXFileReference; explicitFileType = wrapper.framework; path = RoamSwiftKit.framework; sourceTree = BUILT_PRODUCTS_DIR; };
		4700DDBB216D488700C7E022 /* WheelyButton.swift */ = {isa = PBXFileReference; lastKnownFileType = sourcecode.swift; path = WheelyButton.swift; sourceTree = "<group>"; };
		4700DDBD216D493F00C7E022 /* FloatingHeaderView.swift */ = {isa = PBXFileReference; fileEncoding = 4; lastKnownFileType = sourcecode.swift; path = FloatingHeaderView.swift; sourceTree = "<group>"; };
		4700DDC0216D49ED00C7E022 /* UIScrollView+Wheely.swift */ = {isa = PBXFileReference; lastKnownFileType = sourcecode.swift; path = "UIScrollView+Wheely.swift"; sourceTree = "<group>"; };
		4700DDC2216D4A4900C7E022 /* String+Wheely.swift */ = {isa = PBXFileReference; lastKnownFileType = sourcecode.swift; path = "String+Wheely.swift"; sourceTree = "<group>"; };
		4700DDC4216D4A9000C7E022 /* Constants.swift */ = {isa = PBXFileReference; lastKnownFileType = sourcecode.swift; path = Constants.swift; sourceTree = "<group>"; };
		EEA4CDF5F7A09E8D8B2EA01C /* Pods_Wheely_Cool_App.framework */ = {isa = PBXFileReference; explicitFileType = wrapper.framework; includeInIndex = 0; path = Pods_Wheely_Cool_App.framework; sourceTree = BUILT_PRODUCTS_DIR; };
/* End PBXFileReference section */

/* Begin PBXFrameworksBuildPhase section */
		4700DD93216D42BA00C7E022 /* Frameworks */ = {
			isa = PBXFrameworksBuildPhase;
			buildActionMask = 2147483647;
			files = (
				4700DDB7216D46A500C7E022 /* RoamSwiftKit.framework in Frameworks */,
				FC94492A73F6F4946095B404 /* Pods_Wheely_Cool_App.framework in Frameworks */,
			);
			runOnlyForDeploymentPostprocessing = 0;
		};
/* End PBXFrameworksBuildPhase section */

/* Begin PBXGroup section */
		4700DD8D216D42BA00C7E022 = {
			isa = PBXGroup;
			children = (
				4700DD98216D42BA00C7E022 /* Wheely Cool App */,
				4700DD97216D42BA00C7E022 /* Products */,
				A7C41FE128B3B75F812C4A21 /* Pods */,
				DEC6E2E2ABD399CE0CD3141E /* Frameworks */,
			);
			sourceTree = "<group>";
		};
		4700DD97216D42BA00C7E022 /* Products */ = {
			isa = PBXGroup;
			children = (
				4700DD96216D42BA00C7E022 /* Wheely Cool App.app */,
			);
			name = Products;
			sourceTree = "<group>";
		};
		4700DD98216D42BA00C7E022 /* Wheely Cool App */ = {
			isa = PBXGroup;
			children = (
				4700DDAC216D430400C7E022 /* App */,
				4700DDAB216D42F200C7E022 /* Supporting Files */,
				4700DDAF216D431900C7E022 /* Resources */,
			);
			path = "Wheely Cool App";
			sourceTree = "<group>";
		};
		4700DDAB216D42F200C7E022 /* Supporting Files */ = {
			isa = PBXGroup;
			children = (
				4700DDA2216D42BC00C7E022 /* LaunchScreen.storyboard */,
				4700DDA5216D42BC00C7E022 /* Info.plist */,
				4700DDC4216D4A9000C7E022 /* Constants.swift */,
			);
			path = "Supporting Files";
			sourceTree = "<group>";
		};
		4700DDAC216D430400C7E022 /* App */ = {
			isa = PBXGroup;
			children = (
				4700DDBF216D49D400C7E022 /* Extensions */,
				4700DDAD216D430C00C7E022 /* App Delegate */,
				4700DDBA216D486300C7E022 /* Custom Views */,
				4700DDB0216D435B00C7E022 /* HomeViewController */,
			);
			path = App;
			sourceTree = "<group>";
		};
		4700DDAD216D430C00C7E022 /* App Delegate */ = {
			isa = PBXGroup;
			children = (
				4700DD99216D42BA00C7E022 /* AppDelegate.swift */,
			);
			path = "App Delegate";
			sourceTree = "<group>";
		};
		4700DDAF216D431900C7E022 /* Resources */ = {
			isa = PBXGroup;
			children = (
				4700DDA0216D42BC00C7E022 /* Assets.xcassets */,
			);
			path = Resources;
			sourceTree = "<group>";
		};
		4700DDB0216D435B00C7E022 /* HomeViewController */ = {
			isa = PBXGroup;
			children = (
				4700DDB1216D437500C7E022 /* HomeViewController.swift */,
				4700DDB3216D438B00C7E022 /* HomeView.swift */,
			);
			path = HomeViewController;
			sourceTree = "<group>";
		};
		4700DDBA216D486300C7E022 /* Custom Views */ = {
			isa = PBXGroup;
			children = (
				4700DDBD216D493F00C7E022 /* FloatingHeaderView.swift */,
				4700DDBB216D488700C7E022 /* WheelyButton.swift */,
			);
			path = "Custom Views";
			sourceTree = "<group>";
		};
		4700DDBF216D49D400C7E022 /* Extensions */ = {
			isa = PBXGroup;
			children = (
				4700DDC0216D49ED00C7E022 /* UIScrollView+Wheely.swift */,
				4700DDC2216D4A4900C7E022 /* String+Wheely.swift */,
			);
			path = Extensions;
			sourceTree = "<group>";
		};
		A7C41FE128B3B75F812C4A21 /* Pods */ = {
			isa = PBXGroup;
			children = (
				14880F7C22B533B6E66519B2 /* Pods-Wheely Cool App.debug.xcconfig */,
				2A5FD7D25EAAEFDCBD953166 /* Pods-Wheely Cool App.release.xcconfig */,
			);
			name = Pods;
			sourceTree = "<group>";
		};
		DEC6E2E2ABD399CE0CD3141E /* Frameworks */ = {
			isa = PBXGroup;
			children = (
				4700DDB5216D468500C7E022 /* RoamSwiftKit.framework */,
				EEA4CDF5F7A09E8D8B2EA01C /* Pods_Wheely_Cool_App.framework */,
			);
			name = Frameworks;
			sourceTree = "<group>";
		};
/* End PBXGroup section */

/* Begin PBXNativeTarget section */
		4700DD95216D42BA00C7E022 /* Wheely Cool App */ = {
			isa = PBXNativeTarget;
			buildConfigurationList = 4700DDA8216D42BC00C7E022 /* Build configuration list for PBXNativeTarget "Wheely Cool App" */;
			buildPhases = (
				80D05CB0FDDF2B108825B55C /* [CP] Check Pods Manifest.lock */,
				4700DD92216D42BA00C7E022 /* Sources */,
				4700DD93216D42BA00C7E022 /* Frameworks */,
				4700DD94216D42BA00C7E022 /* Resources */,
				4700DDB9216D46A500C7E022 /* Embed Frameworks */,
				4700DDC6216D5E4900C7E022 /* ShellScript */,
			);
			buildRules = (
			);
			dependencies = (
			);
			name = "Wheely Cool App";
			productName = "Wheely Cool App";
			productReference = 4700DD96216D42BA00C7E022 /* Wheely Cool App.app */;
			productType = "com.apple.product-type.application";
		};
/* End PBXNativeTarget section */

/* Begin PBXProject section */
		4700DD8E216D42BA00C7E022 /* Project object */ = {
			isa = PBXProject;
			attributes = {
				LastSwiftUpdateCheck = 1000;
				LastUpgradeCheck = 1000;
				ORGANIZATIONNAME = "Guilherme Politta";
				TargetAttributes = {
					4700DD95216D42BA00C7E022 = {
						CreatedOnToolsVersion = 10.0;
					};
				};
			};
			buildConfigurationList = 4700DD91216D42BA00C7E022 /* Build configuration list for PBXProject "Wheely Cool App" */;
			compatibilityVersion = "Xcode 9.3";
			developmentRegion = en;
			hasScannedForEncodings = 0;
			knownRegions = (
				en,
				Base,
			);
			mainGroup = 4700DD8D216D42BA00C7E022;
			productRefGroup = 4700DD97216D42BA00C7E022 /* Products */;
			projectDirPath = "";
			projectRoot = "";
			targets = (
				4700DD95216D42BA00C7E022 /* Wheely Cool App */,
			);
		};
/* End PBXProject section */

/* Begin PBXResourcesBuildPhase section */
		4700DD94216D42BA00C7E022 /* Resources */ = {
			isa = PBXResourcesBuildPhase;
			buildActionMask = 2147483647;
			files = (
				4700DDA4216D42BC00C7E022 /* LaunchScreen.storyboard in Resources */,
				4700DDA1216D42BC00C7E022 /* Assets.xcassets in Resources */,
			);
			runOnlyForDeploymentPostprocessing = 0;
		};
/* End PBXResourcesBuildPhase section */

/* Begin PBXShellScriptBuildPhase section */
		4700DDC6216D5E4900C7E022 /* ShellScript */ = {
			isa = PBXShellScriptBuildPhase;
			buildActionMask = 2147483647;
			files = (
			);
			inputFileListPaths = (
			);
			inputPaths = (
			);
			outputFileListPaths = (
			);
			outputPaths = (
			);
			runOnlyForDeploymentPostprocessing = 0;
			shellPath = /bin/sh;
			shellScript = "if which swiftlint >/dev/null; then\nswiftlint\nelse\necho \"warning: SwiftLint not installed, download from https://github.com/realm/SwiftLint\"\nfi\n";
		};
		80D05CB0FDDF2B108825B55C /* [CP] Check Pods Manifest.lock */ = {
			isa = PBXShellScriptBuildPhase;
			buildActionMask = 2147483647;
			files = (
			);
			inputPaths = (
				"${PODS_PODFILE_DIR_PATH}/Podfile.lock",
				"${PODS_ROOT}/Manifest.lock",
			);
			name = "[CP] Check Pods Manifest.lock";
			outputPaths = (
				"$(DERIVED_FILE_DIR)/Pods-Wheely Cool App-checkManifestLockResult.txt",
			);
			runOnlyForDeploymentPostprocessing = 0;
			shellPath = /bin/sh;
			shellScript = "diff \"${PODS_PODFILE_DIR_PATH}/Podfile.lock\" \"${PODS_ROOT}/Manifest.lock\" > /dev/null\nif [ $? != 0 ] ; then\n    # print error to STDERR\n    echo \"error: The sandbox is not in sync with the Podfile.lock. Run 'pod install' or update your CocoaPods installation.\" >&2\n    exit 1\nfi\n# This output is used by Xcode 'outputs' to avoid re-running this script phase.\necho \"SUCCESS\" > \"${SCRIPT_OUTPUT_FILE_0}\"\n";
			showEnvVarsInLog = 0;
		};
/* End PBXShellScriptBuildPhase section */

/* Begin PBXSourcesBuildPhase section */
		4700DD92216D42BA00C7E022 /* Sources */ = {
			isa = PBXSourcesBuildPhase;
			buildActionMask = 2147483647;
			files = (
				4700DDBE216D493F00C7E022 /* FloatingHeaderView.swift in Sources */,
				4700DDC1216D49ED00C7E022 /* UIScrollView+Wheely.swift in Sources */,
				4700DDB4216D438B00C7E022 /* HomeView.swift in Sources */,
				4700DD9A216D42BA00C7E022 /* AppDelegate.swift in Sources */,
				4700DDB2216D437500C7E022 /* HomeViewController.swift in Sources */,
				4700DDC3216D4A4900C7E022 /* String+Wheely.swift in Sources */,
				4700DDBC216D488700C7E022 /* WheelyButton.swift in Sources */,
				4700DDC5216D4A9000C7E022 /* Constants.swift in Sources */,
			);
			runOnlyForDeploymentPostprocessing = 0;
		};
/* End PBXSourcesBuildPhase section */

/* Begin PBXVariantGroup section */
		4700DDA2216D42BC00C7E022 /* LaunchScreen.storyboard */ = {
			isa = PBXVariantGroup;
			children = (
				4700DDA3216D42BC00C7E022 /* Base */,
			);
			name = LaunchScreen.storyboard;
			sourceTree = "<group>";
		};
/* End PBXVariantGroup section */

/* Begin XCBuildConfiguration section */
		4700DDA6216D42BC00C7E022 /* Debug */ = {
			isa = XCBuildConfiguration;
			buildSettings = {
				ALWAYS_SEARCH_USER_PATHS = NO;
				CLANG_ANALYZER_NONNULL = YES;
				CLANG_ANALYZER_NUMBER_OBJECT_CONVERSION = YES_AGGRESSIVE;
				CLANG_CXX_LANGUAGE_STANDARD = "gnu++14";
				CLANG_CXX_LIBRARY = "libc++";
				CLANG_ENABLE_MODULES = YES;
				CLANG_ENABLE_OBJC_ARC = YES;
				CLANG_ENABLE_OBJC_WEAK = YES;
				CLANG_WARN_BLOCK_CAPTURE_AUTORELEASING = YES;
				CLANG_WARN_BOOL_CONVERSION = YES;
				CLANG_WARN_COMMA = YES;
				CLANG_WARN_CONSTANT_CONVERSION = YES;
				CLANG_WARN_DEPRECATED_OBJC_IMPLEMENTATIONS = YES;
				CLANG_WARN_DIRECT_OBJC_ISA_USAGE = YES_ERROR;
				CLANG_WARN_DOCUMENTATION_COMMENTS = YES;
				CLANG_WARN_EMPTY_BODY = YES;
				CLANG_WARN_ENUM_CONVERSION = YES;
				CLANG_WARN_INFINITE_RECURSION = YES;
				CLANG_WARN_INT_CONVERSION = YES;
				CLANG_WARN_NON_LITERAL_NULL_CONVERSION = YES;
				CLANG_WARN_OBJC_IMPLICIT_RETAIN_SELF = YES;
				CLANG_WARN_OBJC_LITERAL_CONVERSION = YES;
				CLANG_WARN_OBJC_ROOT_CLASS = YES_ERROR;
				CLANG_WARN_RANGE_LOOP_ANALYSIS = YES;
				CLANG_WARN_STRICT_PROTOTYPES = YES;
				CLANG_WARN_SUSPICIOUS_MOVE = YES;
				CLANG_WARN_UNGUARDED_AVAILABILITY = YES_AGGRESSIVE;
				CLANG_WARN_UNREACHABLE_CODE = YES;
				CLANG_WARN__DUPLICATE_METHOD_MATCH = YES;
				CODE_SIGN_IDENTITY = "iPhone Developer";
				COPY_PHASE_STRIP = NO;
				DEBUG_INFORMATION_FORMAT = dwarf;
				ENABLE_STRICT_OBJC_MSGSEND = YES;
				ENABLE_TESTABILITY = YES;
				GCC_C_LANGUAGE_STANDARD = gnu11;
				GCC_DYNAMIC_NO_PIC = NO;
				GCC_NO_COMMON_BLOCKS = YES;
				GCC_OPTIMIZATION_LEVEL = 0;
				GCC_PREPROCESSOR_DEFINITIONS = (
					"DEBUG=1",
					"$(inherited)",
				);
				GCC_WARN_64_TO_32_BIT_CONVERSION = YES;
				GCC_WARN_ABOUT_RETURN_TYPE = YES_ERROR;
				GCC_WARN_UNDECLARED_SELECTOR = YES;
				GCC_WARN_UNINITIALIZED_AUTOS = YES_AGGRESSIVE;
				GCC_WARN_UNUSED_FUNCTION = YES;
				GCC_WARN_UNUSED_VARIABLE = YES;
				IPHONEOS_DEPLOYMENT_TARGET = 12.0;
				MTL_ENABLE_DEBUG_INFO = INCLUDE_SOURCE;
				MTL_FAST_MATH = YES;
				ONLY_ACTIVE_ARCH = YES;
				SDKROOT = iphoneos;
				SWIFT_ACTIVE_COMPILATION_CONDITIONS = DEBUG;
				SWIFT_OPTIMIZATION_LEVEL = "-Onone";
			};
			name = Debug;
		};
		4700DDA7216D42BC00C7E022 /* Release */ = {
			isa = XCBuildConfiguration;
			buildSettings = {
				ALWAYS_SEARCH_USER_PATHS = NO;
				CLANG_ANALYZER_NONNULL = YES;
				CLANG_ANALYZER_NUMBER_OBJECT_CONVERSION = YES_AGGRESSIVE;
				CLANG_CXX_LANGUAGE_STANDARD = "gnu++14";
				CLANG_CXX_LIBRARY = "libc++";
				CLANG_ENABLE_MODULES = YES;
				CLANG_ENABLE_OBJC_ARC = YES;
				CLANG_ENABLE_OBJC_WEAK = YES;
				CLANG_WARN_BLOCK_CAPTURE_AUTORELEASING = YES;
				CLANG_WARN_BOOL_CONVERSION = YES;
				CLANG_WARN_COMMA = YES;
				CLANG_WARN_CONSTANT_CONVERSION = YES;
				CLANG_WARN_DEPRECATED_OBJC_IMPLEMENTATIONS = YES;
				CLANG_WARN_DIRECT_OBJC_ISA_USAGE = YES_ERROR;
				CLANG_WARN_DOCUMENTATION_COMMENTS = YES;
				CLANG_WARN_EMPTY_BODY = YES;
				CLANG_WARN_ENUM_CONVERSION = YES;
				CLANG_WARN_INFINITE_RECURSION = YES;
				CLANG_WARN_INT_CONVERSION = YES;
				CLANG_WARN_NON_LITERAL_NULL_CONVERSION = YES;
				CLANG_WARN_OBJC_IMPLICIT_RETAIN_SELF = YES;
				CLANG_WARN_OBJC_LITERAL_CONVERSION = YES;
				CLANG_WARN_OBJC_ROOT_CLASS = YES_ERROR;
				CLANG_WARN_RANGE_LOOP_ANALYSIS = YES;
				CLANG_WARN_STRICT_PROTOTYPES = YES;
				CLANG_WARN_SUSPICIOUS_MOVE = YES;
				CLANG_WARN_UNGUARDED_AVAILABILITY = YES_AGGRESSIVE;
				CLANG_WARN_UNREACHABLE_CODE = YES;
				CLANG_WARN__DUPLICATE_METHOD_MATCH = YES;
				CODE_SIGN_IDENTITY = "iPhone Developer";
				COPY_PHASE_STRIP = NO;
				DEBUG_INFORMATION_FORMAT = "dwarf-with-dsym";
				ENABLE_NS_ASSERTIONS = NO;
				ENABLE_STRICT_OBJC_MSGSEND = YES;
				GCC_C_LANGUAGE_STANDARD = gnu11;
				GCC_NO_COMMON_BLOCKS = YES;
				GCC_WARN_64_TO_32_BIT_CONVERSION = YES;
				GCC_WARN_ABOUT_RETURN_TYPE = YES_ERROR;
				GCC_WARN_UNDECLARED_SELECTOR = YES;
				GCC_WARN_UNINITIALIZED_AUTOS = YES_AGGRESSIVE;
				GCC_WARN_UNUSED_FUNCTION = YES;
				GCC_WARN_UNUSED_VARIABLE = YES;
				IPHONEOS_DEPLOYMENT_TARGET = 12.0;
				MTL_ENABLE_DEBUG_INFO = NO;
				MTL_FAST_MATH = YES;
				SDKROOT = iphoneos;
				SWIFT_COMPILATION_MODE = wholemodule;
				SWIFT_OPTIMIZATION_LEVEL = "-O";
				VALIDATE_PRODUCT = YES;
			};
			name = Release;
		};
		4700DDA9216D42BC00C7E022 /* Debug */ = {
			isa = XCBuildConfiguration;
			baseConfigurationReference = 14880F7C22B533B6E66519B2 /* Pods-Wheely Cool App.debug.xcconfig */;
			buildSettings = {
				ASSETCATALOG_COMPILER_APPICON_NAME = AppIcon;
				CODE_SIGN_STYLE = Automatic;
				DEVELOPMENT_TEAM = M5ZD86AHBS;
				INFOPLIST_FILE = "$(SRCROOT)/Wheely Cool App/Supporting Files/Info.plist";
				LD_RUNPATH_SEARCH_PATHS = (
					"$(inherited)",
					"@executable_path/Frameworks",
				);
				PRODUCT_BUNDLE_IDENTIFIER = "com.roamltd.Wheely-Cool-App";
				PRODUCT_NAME = "$(TARGET_NAME)";
				SWIFT_VERSION = 4.2;
				TARGETED_DEVICE_FAMILY = "1,2";
			};
			name = Debug;
		};
		4700DDAA216D42BC00C7E022 /* Release */ = {
			isa = XCBuildConfiguration;
			baseConfigurationReference = 2A5FD7D25EAAEFDCBD953166 /* Pods-Wheely Cool App.release.xcconfig */;
			buildSettings = {
				ASSETCATALOG_COMPILER_APPICON_NAME = AppIcon;
				CODE_SIGN_STYLE = Automatic;
				DEVELOPMENT_TEAM = M5ZD86AHBS;
				INFOPLIST_FILE = "$(SRCROOT)/Wheely Cool App/Supporting Files/Info.plist";
				LD_RUNPATH_SEARCH_PATHS = (
					"$(inherited)",
					"@executable_path/Frameworks",
				);
				PRODUCT_BUNDLE_IDENTIFIER = "com.roamltd.Wheely-Cool-App";
				PRODUCT_NAME = "$(TARGET_NAME)";
				SWIFT_VERSION = 4.2;
				TARGETED_DEVICE_FAMILY = "1,2";
			};
			name = Release;
		};
/* End XCBuildConfiguration section */

/* Begin XCConfigurationList section */
		4700DD91216D42BA00C7E022 /* Build configuration list for PBXProject "Wheely Cool App" */ = {
			isa = XCConfigurationList;
			buildConfigurations = (
				4700DDA6216D42BC00C7E022 /* Debug */,
				4700DDA7216D42BC00C7E022 /* Release */,
			);
			defaultConfigurationIsVisible = 0;
			defaultConfigurationName = Release;
		};
		4700DDA8216D42BC00C7E022 /* Build configuration list for PBXNativeTarget "Wheely Cool App" */ = {
			isa = XCConfigurationList;
			buildConfigurations = (
				4700DDA9216D42BC00C7E022 /* Debug */,
				4700DDAA216D42BC00C7E022 /* Release */,
			);
			defaultConfigurationIsVisible = 0;
			defaultConfigurationName = Release;
		};
/* End XCConfigurationList section */
	};
	rootObject = 4700DD8E216D42BA00C7E022 /* Project object */;
}
